// !$*UTF8*$!
{
	archiveVersion = 1;
	classes = {
	};
	objectVersion = 55;
	objects = {

/* Begin PBXBuildFile section */
		9528B2D127D83EA1002BD7CE /* inputProtocol.swift in Sources */ = {isa = PBXBuildFile; fileRef = 9528B2D027D83EA1002BD7CE /* inputProtocol.swift */; };
		9528B2D627D87A95002BD7CE /* RealmUserData.swift in Sources */ = {isa = PBXBuildFile; fileRef = 9528B2D527D87A95002BD7CE /* RealmUserData.swift */; };
		9562532127D59AAF00E7243E /* AppDelegate.swift in Sources */ = {isa = PBXBuildFile; fileRef = 9562532027D59AAF00E7243E /* AppDelegate.swift */; };
		9562532327D59AAF00E7243E /* SceneDelegate.swift in Sources */ = {isa = PBXBuildFile; fileRef = 9562532227D59AAF00E7243E /* SceneDelegate.swift */; };
		9562532527D59AAF00E7243E /* CalendarViewController.swift in Sources */ = {isa = PBXBuildFile; fileRef = 9562532427D59AAF00E7243E /* CalendarViewController.swift */; };
		9562532827D59AAF00E7243E /* Main.storyboard in Resources */ = {isa = PBXBuildFile; fileRef = 9562532627D59AAF00E7243E /* Main.storyboard */; };
		9562532A27D59AB000E7243E /* Assets.xcassets in Resources */ = {isa = PBXBuildFile; fileRef = 9562532927D59AB000E7243E /* Assets.xcassets */; };
		9562532D27D59AB000E7243E /* LaunchScreen.storyboard in Resources */ = {isa = PBXBuildFile; fileRef = 9562532B27D59AB000E7243E /* LaunchScreen.storyboard */; };
		9562533627D5F0F700E7243E /* DetailViewController.swift in Sources */ = {isa = PBXBuildFile; fileRef = 9562533527D5F0F700E7243E /* DetailViewController.swift */; };
		95A7B02F27D7170700D8744D /* RealmUser.swift in Sources */ = {isa = PBXBuildFile; fileRef = 95A7B02E27D7170700D8744D /* RealmUser.swift */; };
		D331C99248BD91ABE856E413 /* Pods_BaseBallNotesApp.framework in Frameworks */ = {isa = PBXBuildFile; fileRef = 5FCE3BBC65D8428D37DF9C57 /* Pods_BaseBallNotesApp.framework */; };
/* End PBXBuildFile section */

/* Begin PBXFileReference section */
		12D77A2EF5D2A86BD2F449A6 /* Pods-BaseBallNotesApp.release.xcconfig */ = {isa = PBXFileReference; includeInIndex = 1; lastKnownFileType = text.xcconfig; name = "Pods-BaseBallNotesApp.release.xcconfig"; path = "Target Support Files/Pods-BaseBallNotesApp/Pods-BaseBallNotesApp.release.xcconfig"; sourceTree = "<group>"; };
		1CAB13946E1F8F096DB04B98 /* Pods-BaseBallNotesApp.debug.xcconfig */ = {isa = PBXFileReference; includeInIndex = 1; lastKnownFileType = text.xcconfig; name = "Pods-BaseBallNotesApp.debug.xcconfig"; path = "Target Support Files/Pods-BaseBallNotesApp/Pods-BaseBallNotesApp.debug.xcconfig"; sourceTree = "<group>"; };
		5FCE3BBC65D8428D37DF9C57 /* Pods_BaseBallNotesApp.framework */ = {isa = PBXFileReference; explicitFileType = wrapper.framework; includeInIndex = 0; path = Pods_BaseBallNotesApp.framework; sourceTree = BUILT_PRODUCTS_DIR; };
		9528B2D027D83EA1002BD7CE /* inputProtocol.swift */ = {isa = PBXFileReference; lastKnownFileType = sourcecode.swift; path = inputProtocol.swift; sourceTree = "<group>"; };
		9528B2D527D87A95002BD7CE /* RealmUserData.swift */ = {isa = PBXFileReference; lastKnownFileType = sourcecode.swift; path = RealmUserData.swift; sourceTree = "<group>"; };
		9562531D27D59AAF00E7243E /* BaseBallNotesApp.app */ = {isa = PBXFileReference; explicitFileType = wrapper.application; includeInIndex = 0; path = BaseBallNotesApp.app; sourceTree = BUILT_PRODUCTS_DIR; };
		9562532027D59AAF00E7243E /* AppDelegate.swift */ = {isa = PBXFileReference; lastKnownFileType = sourcecode.swift; path = AppDelegate.swift; sourceTree = "<group>"; };
		9562532227D59AAF00E7243E /* SceneDelegate.swift */ = {isa = PBXFileReference; lastKnownFileType = sourcecode.swift; path = SceneDelegate.swift; sourceTree = "<group>"; };
		9562532427D59AAF00E7243E /* CalendarViewController.swift */ = {isa = PBXFileReference; lastKnownFileType = sourcecode.swift; path = CalendarViewController.swift; sourceTree = "<group>"; };
		9562532727D59AAF00E7243E /* Base */ = {isa = PBXFileReference; lastKnownFileType = file.storyboard; name = Base; path = Base.lproj/Main.storyboard; sourceTree = "<group>"; };
		9562532927D59AB000E7243E /* Assets.xcassets */ = {isa = PBXFileReference; lastKnownFileType = folder.assetcatalog; path = Assets.xcassets; sourceTree = "<group>"; };
		9562532C27D59AB000E7243E /* Base */ = {isa = PBXFileReference; lastKnownFileType = file.storyboard; name = Base; path = Base.lproj/LaunchScreen.storyboard; sourceTree = "<group>"; };
		9562532E27D59AB000E7243E /* Info.plist */ = {isa = PBXFileReference; lastKnownFileType = text.plist.xml; path = Info.plist; sourceTree = "<group>"; };
		9562533527D5F0F700E7243E /* DetailViewController.swift */ = {isa = PBXFileReference; lastKnownFileType = sourcecode.swift; path = DetailViewController.swift; sourceTree = "<group>"; };
		95A7B02E27D7170700D8744D /* RealmUser.swift */ = {isa = PBXFileReference; lastKnownFileType = sourcecode.swift; path = RealmUser.swift; sourceTree = "<group>"; };
/* End PBXFileReference section */

/* Begin PBXFrameworksBuildPhase section */
		9562531A27D59AAF00E7243E /* Frameworks */ = {
			isa = PBXFrameworksBuildPhase;
			buildActionMask = 2147483647;
			files = (
				D331C99248BD91ABE856E413 /* Pods_BaseBallNotesApp.framework in Frameworks */,
			);
			runOnlyForDeploymentPostprocessing = 0;
		};
/* End PBXFrameworksBuildPhase section */

/* Begin PBXGroup section */
		9528B2D227D83EB0002BD7CE /* Protocol */ = {
			isa = PBXGroup;
			children = (
				9528B2D027D83EA1002BD7CE /* inputProtocol.swift */,
			);
			path = Protocol;
			sourceTree = "<group>";
		};
		9562531427D59AAF00E7243E = {
			isa = PBXGroup;
			children = (
				9562531F27D59AAF00E7243E /* BaseBallNotesApp */,
				9562531E27D59AAF00E7243E /* Products */,
				A4D7794B9C4DB6ACB73FCA45 /* Pods */,
				A3E73E8730EA7A12D774C5E7 /* Frameworks */,
			);
			sourceTree = "<group>";
		};
		9562531E27D59AAF00E7243E /* Products */ = {
			isa = PBXGroup;
			children = (
				9562531D27D59AAF00E7243E /* BaseBallNotesApp.app */,
			);
			name = Products;
			sourceTree = "<group>";
		};
		9562531F27D59AAF00E7243E /* BaseBallNotesApp */ = {
			isa = PBXGroup;
			children = (
				9528B2D227D83EB0002BD7CE /* Protocol */,
				95A7B03027D731F800D8744D /* Model */,
				95A7B03227D7321900D8744D /* View */,
				95A7B03127D7320500D8744D /* Controller */,
				9562532927D59AB000E7243E /* Assets.xcassets */,
				9562532B27D59AB000E7243E /* LaunchScreen.storyboard */,
				9562532E27D59AB000E7243E /* Info.plist */,
				9562532027D59AAF00E7243E /* AppDelegate.swift */,
				9562532227D59AAF00E7243E /* SceneDelegate.swift */,
			);
			path = BaseBallNotesApp;
			sourceTree = "<group>";
		};
		95A7B03027D731F800D8744D /* Model */ = {
			isa = PBXGroup;
			children = (
				95A7B02E27D7170700D8744D /* RealmUser.swift */,
				9528B2D527D87A95002BD7CE /* RealmUserData.swift */,
			);
			path = Model;
			sourceTree = "<group>";
		};
		95A7B03127D7320500D8744D /* Controller */ = {
			isa = PBXGroup;
			children = (
				9562532427D59AAF00E7243E /* CalendarViewController.swift */,
				9562533527D5F0F700E7243E /* DetailViewController.swift */,
			);
			path = Controller;
			sourceTree = "<group>";
		};
		95A7B03227D7321900D8744D /* View */ = {
			isa = PBXGroup;
			children = (
				9562532627D59AAF00E7243E /* Main.storyboard */,
			);
			path = View;
			sourceTree = "<group>";
		};
		A3E73E8730EA7A12D774C5E7 /* Frameworks */ = {
			isa = PBXGroup;
			children = (
				5FCE3BBC65D8428D37DF9C57 /* Pods_BaseBallNotesApp.framework */,
			);
			name = Frameworks;
			sourceTree = "<group>";
		};
		A4D7794B9C4DB6ACB73FCA45 /* Pods */ = {
			isa = PBXGroup;
			children = (
				1CAB13946E1F8F096DB04B98 /* Pods-BaseBallNotesApp.debug.xcconfig */,
				12D77A2EF5D2A86BD2F449A6 /* Pods-BaseBallNotesApp.release.xcconfig */,
			);
			path = Pods;
			sourceTree = "<group>";
		};
/* End PBXGroup section */

/* Begin PBXNativeTarget section */
		9562531C27D59AAF00E7243E /* BaseBallNotesApp */ = {
			isa = PBXNativeTarget;
			buildConfigurationList = 9562533127D59AB000E7243E /* Build configuration list for PBXNativeTarget "BaseBallNotesApp" */;
			buildPhases = (
				337C3724A23B212FC11A9E43 /* [CP] Check Pods Manifest.lock */,
				9562531927D59AAF00E7243E /* Sources */,
				9562531A27D59AAF00E7243E /* Frameworks */,
				9562531B27D59AAF00E7243E /* Resources */,
				69153D4872D352A3C945A732 /* [CP] Embed Pods Frameworks */,
				9562533427D5CA8000E7243E /* ShellScript */,
			);
			buildRules = (
			);
			dependencies = (
			);
			name = BaseBallNotesApp;
			productName = BaseBallNotesApp;
			productReference = 9562531D27D59AAF00E7243E /* BaseBallNotesApp.app */;
			productType = "com.apple.product-type.application";
		};
/* End PBXNativeTarget section */

/* Begin PBXProject section */
		9562531527D59AAF00E7243E /* Project object */ = {
			isa = PBXProject;
			attributes = {
				BuildIndependentTargetsInParallel = 1;
				LastSwiftUpdateCheck = 1320;
				LastUpgradeCheck = 1320;
				TargetAttributes = {
					9562531C27D59AAF00E7243E = {
						CreatedOnToolsVersion = 13.2.1;
					};
				};
			};
			buildConfigurationList = 9562531827D59AAF00E7243E /* Build configuration list for PBXProject "BaseBallNotesApp" */;
			compatibilityVersion = "Xcode 13.0";
			developmentRegion = en;
			hasScannedForEncodings = 0;
			knownRegions = (
				en,
				Base,
			);
			mainGroup = 9562531427D59AAF00E7243E;
			productRefGroup = 9562531E27D59AAF00E7243E /* Products */;
			projectDirPath = "";
			projectRoot = "";
			targets = (
				9562531C27D59AAF00E7243E /* BaseBallNotesApp */,
			);
		};
/* End PBXProject section */

/* Begin PBXResourcesBuildPhase section */
		9562531B27D59AAF00E7243E /* Resources */ = {
			isa = PBXResourcesBuildPhase;
			buildActionMask = 2147483647;
			files = (
				9562532D27D59AB000E7243E /* LaunchScreen.storyboard in Resources */,
				9562532A27D59AB000E7243E /* Assets.xcassets in Resources */,
				9562532827D59AAF00E7243E /* Main.storyboard in Resources */,
			);
			runOnlyForDeploymentPostprocessing = 0;
		};
/* End PBXResourcesBuildPhase section */

/* Begin PBXShellScriptBuildPhase section */
		337C3724A23B212FC11A9E43 /* [CP] Check Pods Manifest.lock */ = {
			isa = PBXShellScriptBuildPhase;
			buildActionMask = 2147483647;
			files = (
			);
			inputFileListPaths = (
			);
			inputPaths = (
				"${PODS_PODFILE_DIR_PATH}/Podfile.lock",
				"${PODS_ROOT}/Manifest.lock",
			);
			name = "[CP] Check Pods Manifest.lock";
			outputFileListPaths = (
			);
			outputPaths = (
				"$(DERIVED_FILE_DIR)/Pods-BaseBallNotesApp-checkManifestLockResult.txt",
			);
			runOnlyForDeploymentPostprocessing = 0;
			shellPath = /bin/sh;
			shellScript = "diff \"${PODS_PODFILE_DIR_PATH}/Podfile.lock\" \"${PODS_ROOT}/Manifest.lock\" > /dev/null\nif [ $? != 0 ] ; then\n    # print error to STDERR\n    echo \"error: The sandbox is not in sync with the Podfile.lock. Run 'pod install' or update your CocoaPods installation.\" >&2\n    exit 1\nfi\n# This output is used by Xcode 'outputs' to avoid re-running this script phase.\necho \"SUCCESS\" > \"${SCRIPT_OUTPUT_FILE_0}\"\n";
			showEnvVarsInLog = 0;
		};
		69153D4872D352A3C945A732 /* [CP] Embed Pods Frameworks */ = {
			isa = PBXShellScriptBuildPhase;
			buildActionMask = 2147483647;
			files = (
			);
			inputFileListPaths = (
				"${PODS_ROOT}/Target Support Files/Pods-BaseBallNotesApp/Pods-BaseBallNotesApp-frameworks-${CONFIGURATION}-input-files.xcfilelist",
			);
			name = "[CP] Embed Pods Frameworks";
			outputFileListPaths = (
				"${PODS_ROOT}/Target Support Files/Pods-BaseBallNotesApp/Pods-BaseBallNotesApp-frameworks-${CONFIGURATION}-output-files.xcfilelist",
			);
			runOnlyForDeploymentPostprocessing = 0;
			shellPath = /bin/sh;
			shellScript = "\"${PODS_ROOT}/Target Support Files/Pods-BaseBallNotesApp/Pods-BaseBallNotesApp-frameworks.sh\"\n";
			showEnvVarsInLog = 0;
		};
		9562533427D5CA8000E7243E /* ShellScript */ = {
			isa = PBXShellScriptBuildPhase;
			buildActionMask = 2147483647;
			files = (
			);
			inputFileListPaths = (
			);
			inputPaths = (
			);
			outputFileListPaths = (
			);
			outputPaths = (
			);
			runOnlyForDeploymentPostprocessing = 0;
			shellPath = /bin/sh;
			shellScript = "\nif which swiftlint >/dev/null; then\n  swiftlint\nelse\n  echo \"SwiftLint does not exist, download from https://github.com/realm/SwiftLint\"\nfi\n";
		};
/* End PBXShellScriptBuildPhase section */

/* Begin PBXSourcesBuildPhase section */
		9562531927D59AAF00E7243E /* Sources */ = {
			isa = PBXSourcesBuildPhase;
			buildActionMask = 2147483647;
			files = (
				9562532527D59AAF00E7243E /* CalendarViewController.swift in Sources */,
				9528B2D627D87A95002BD7CE /* RealmUserData.swift in Sources */,
				95A7B02F27D7170700D8744D /* RealmUser.swift in Sources */,
				9562532127D59AAF00E7243E /* AppDelegate.swift in Sources */,
				9562532327D59AAF00E7243E /* SceneDelegate.swift in Sources */,
				9562533627D5F0F700E7243E /* DetailViewController.swift in Sources */,
				9528B2D127D83EA1002BD7CE /* inputProtocol.swift in Sources */,
			);
			runOnlyForDeploymentPostprocessing = 0;
		};
/* End PBXSourcesBuildPhase section */

/* Begin PBXVariantGroup section */
		9562532627D59AAF00E7243E /* Main.storyboard */ = {
			isa = PBXVariantGroup;
			children = (
				9562532727D59AAF00E7243E /* Base */,
			);
			name = Main.storyboard;
			sourceTree = "<group>";
		};
		9562532B27D59AB000E7243E /* LaunchScreen.storyboard */ = {
			isa = PBXVariantGroup;
			children = (
				9562532C27D59AB000E7243E /* Base */,
			);
			name = LaunchScreen.storyboard;
			sourceTree = "<group>";
		};
/* End PBXVariantGroup section */

/* Begin XCBuildConfiguration section */
		9562532F27D59AB000E7243E /* Debug */ = {
			isa = XCBuildConfiguration;
			buildSettings = {
				ALWAYS_SEARCH_USER_PATHS = NO;
				CLANG_ANALYZER_NONNULL = YES;
				CLANG_ANALYZER_NUMBER_OBJECT_CONVERSION = YES_AGGRESSIVE;
				CLANG_CXX_LANGUAGE_STANDARD = "gnu++17";
				CLANG_CXX_LIBRARY = "libc++";
				CLANG_ENABLE_MODULES = YES;
				CLANG_ENABLE_OBJC_ARC = YES;
				CLANG_ENABLE_OBJC_WEAK = YES;
				CLANG_WARN_BLOCK_CAPTURE_AUTORELEASING = YES;
				CLANG_WARN_BOOL_CONVERSION = YES;
				CLANG_WARN_COMMA = YES;
				CLANG_WARN_CONSTANT_CONVERSION = YES;
				CLANG_WARN_DEPRECATED_OBJC_IMPLEMENTATIONS = YES;
				CLANG_WARN_DIRECT_OBJC_ISA_USAGE = YES_ERROR;
				CLANG_WARN_DOCUMENTATION_COMMENTS = YES;
				CLANG_WARN_EMPTY_BODY = YES;
				CLANG_WARN_ENUM_CONVERSION = YES;
				CLANG_WARN_INFINITE_RECURSION = YES;
				CLANG_WARN_INT_CONVERSION = YES;
				CLANG_WARN_NON_LITERAL_NULL_CONVERSION = YES;
				CLANG_WARN_OBJC_IMPLICIT_RETAIN_SELF = YES;
				CLANG_WARN_OBJC_LITERAL_CONVERSION = YES;
				CLANG_WARN_OBJC_ROOT_CLASS = YES_ERROR;
				CLANG_WARN_QUOTED_INCLUDE_IN_FRAMEWORK_HEADER = YES;
				CLANG_WARN_RANGE_LOOP_ANALYSIS = YES;
				CLANG_WARN_STRICT_PROTOTYPES = YES;
				CLANG_WARN_SUSPICIOUS_MOVE = YES;
				CLANG_WARN_UNGUARDED_AVAILABILITY = YES_AGGRESSIVE;
				CLANG_WARN_UNREACHABLE_CODE = YES;
				CLANG_WARN__DUPLICATE_METHOD_MATCH = YES;
				COPY_PHASE_STRIP = NO;
				DEBUG_INFORMATION_FORMAT = dwarf;
				ENABLE_STRICT_OBJC_MSGSEND = YES;
				ENABLE_TESTABILITY = YES;
				GCC_C_LANGUAGE_STANDARD = gnu11;
				GCC_DYNAMIC_NO_PIC = NO;
				GCC_NO_COMMON_BLOCKS = YES;
				GCC_OPTIMIZATION_LEVEL = 0;
				GCC_PREPROCESSOR_DEFINITIONS = (
					"DEBUG=1",
					"$(inherited)",
				);
				GCC_WARN_64_TO_32_BIT_CONVERSION = YES;
				GCC_WARN_ABOUT_RETURN_TYPE = YES_ERROR;
				GCC_WARN_UNDECLARED_SELECTOR = YES;
				GCC_WARN_UNINITIALIZED_AUTOS = YES_AGGRESSIVE;
				GCC_WARN_UNUSED_FUNCTION = YES;
				GCC_WARN_UNUSED_VARIABLE = YES;
				IPHONEOS_DEPLOYMENT_TARGET = 15.2;
				MTL_ENABLE_DEBUG_INFO = INCLUDE_SOURCE;
				MTL_FAST_MATH = YES;
				ONLY_ACTIVE_ARCH = YES;
				SDKROOT = iphoneos;
				SWIFT_ACTIVE_COMPILATION_CONDITIONS = DEBUG;
				SWIFT_OPTIMIZATION_LEVEL = "-Onone";
			};
			name = Debug;
		};
		9562533027D59AB000E7243E /* Release */ = {
			isa = XCBuildConfiguration;
			buildSettings = {
				ALWAYS_SEARCH_USER_PATHS = NO;
				CLANG_ANALYZER_NONNULL = YES;
				CLANG_ANALYZER_NUMBER_OBJECT_CONVERSION = YES_AGGRESSIVE;
				CLANG_CXX_LANGUAGE_STANDARD = "gnu++17";
				CLANG_CXX_LIBRARY = "libc++";
				CLANG_ENABLE_MODULES = YES;
				CLANG_ENABLE_OBJC_ARC = YES;
				CLANG_ENABLE_OBJC_WEAK = YES;
				CLANG_WARN_BLOCK_CAPTURE_AUTORELEASING = YES;
				CLANG_WARN_BOOL_CONVERSION = YES;
				CLANG_WARN_COMMA = YES;
				CLANG_WARN_CONSTANT_CONVERSION = YES;
				CLANG_WARN_DEPRECATED_OBJC_IMPLEMENTATIONS = YES;
				CLANG_WARN_DIRECT_OBJC_ISA_USAGE = YES_ERROR;
				CLANG_WARN_DOCUMENTATION_COMMENTS = YES;
				CLANG_WARN_EMPTY_BODY = YES;
				CLANG_WARN_ENUM_CONVERSION = YES;
				CLANG_WARN_INFINITE_RECURSION = YES;
				CLANG_WARN_INT_CONVERSION = YES;
				CLANG_WARN_NON_LITERAL_NULL_CONVERSION = YES;
				CLANG_WARN_OBJC_IMPLICIT_RETAIN_SELF = YES;
				CLANG_WARN_OBJC_LITERAL_CONVERSION = YES;
				CLANG_WARN_OBJC_ROOT_CLASS = YES_ERROR;
				CLANG_WARN_QUOTED_INCLUDE_IN_FRAMEWORK_HEADER = YES;
				CLANG_WARN_RANGE_LOOP_ANALYSIS = YES;
				CLANG_WARN_STRICT_PROTOTYPES = YES;
				CLANG_WARN_SUSPICIOUS_MOVE = YES;
				CLANG_WARN_UNGUARDED_AVAILABILITY = YES_AGGRESSIVE;
				CLANG_WARN_UNREACHABLE_CODE = YES;
				CLANG_WARN__DUPLICATE_METHOD_MATCH = YES;
				COPY_PHASE_STRIP = NO;
				DEBUG_INFORMATION_FORMAT = "dwarf-with-dsym";
				ENABLE_NS_ASSERTIONS = NO;
				ENABLE_STRICT_OBJC_MSGSEND = YES;
				GCC_C_LANGUAGE_STANDARD = gnu11;
				GCC_NO_COMMON_BLOCKS = YES;
				GCC_WARN_64_TO_32_BIT_CONVERSION = YES;
				GCC_WARN_ABOUT_RETURN_TYPE = YES_ERROR;
				GCC_WARN_UNDECLARED_SELECTOR = YES;
				GCC_WARN_UNINITIALIZED_AUTOS = YES_AGGRESSIVE;
				GCC_WARN_UNUSED_FUNCTION = YES;
				GCC_WARN_UNUSED_VARIABLE = YES;
				IPHONEOS_DEPLOYMENT_TARGET = 15.2;
				MTL_ENABLE_DEBUG_INFO = NO;
				MTL_FAST_MATH = YES;
				SDKROOT = iphoneos;
				SWIFT_COMPILATION_MODE = wholemodule;
				SWIFT_OPTIMIZATION_LEVEL = "-O";
				VALIDATE_PRODUCT = YES;
			};
			name = Release;
		};
		9562533227D59AB000E7243E /* Debug */ = {
			isa = XCBuildConfiguration;
			baseConfigurationReference = 1CAB13946E1F8F096DB04B98 /* Pods-BaseBallNotesApp.debug.xcconfig */;
			buildSettings = {
				ASSETCATALOG_COMPILER_APPICON_NAME = AppIcon;
				ASSETCATALOG_COMPILER_GLOBAL_ACCENT_COLOR_NAME = AccentColor;
				CODE_SIGN_STYLE = Automatic;
				CURRENT_PROJECT_VERSION = 1;
				DEVELOPMENT_TEAM = 6KP4Y76JP4;
				GENERATE_INFOPLIST_FILE = YES;
				INFOPLIST_FILE = BaseBallNotesApp/Info.plist;
				INFOPLIST_KEY_UIApplicationSupportsIndirectInputEvents = YES;
				INFOPLIST_KEY_UILaunchStoryboardName = LaunchScreen;
				INFOPLIST_KEY_UIMainStoryboardFile = Main;
				INFOPLIST_KEY_UISupportedInterfaceOrientations_iPad = "UIInterfaceOrientationPortrait UIInterfaceOrientationPortraitUpsideDown UIInterfaceOrientationLandscapeLeft UIInterfaceOrientationLandscapeRight";
				INFOPLIST_KEY_UISupportedInterfaceOrientations_iPhone = "UIInterfaceOrientationPortrait UIInterfaceOrientationLandscapeLeft UIInterfaceOrientationLandscapeRight";
				LD_RUNPATH_SEARCH_PATHS = (
					"$(inherited)",
					"@executable_path/Frameworks",
				);
				MARKETING_VERSION = 1.0;
				PRODUCT_BUNDLE_IDENTIFIER = com.ShoutaNakano.BaseBallNotesApp;
				PRODUCT_NAME = "$(TARGET_NAME)";
				SWIFT_EMIT_LOC_STRINGS = YES;
				SWIFT_VERSION = 5.0;
				TARGETED_DEVICE_FAMILY = "1,2";
			};
			name = Debug;
		};
		9562533327D59AB000E7243E /* Release */ = {
			isa = XCBuildConfiguration;
			baseConfigurationReference = 12D77A2EF5D2A86BD2F449A6 /* Pods-BaseBallNotesApp.release.xcconfig */;
			buildSettings = {
				ASSETCATALOG_COMPILER_APPICON_NAME = AppIcon;
				ASSETCATALOG_COMPILER_GLOBAL_ACCENT_COLOR_NAME = AccentColor;
				CODE_SIGN_STYLE = Automatic;
				CURRENT_PROJECT_VERSION = 1;
				DEVELOPMENT_TEAM = 6KP4Y76JP4;
				GENERATE_INFOPLIST_FILE = YES;
				INFOPLIST_FILE = BaseBallNotesApp/Info.plist;
				INFOPLIST_KEY_UIApplicationSupportsIndirectInputEvents = YES;
				INFOPLIST_KEY_UILaunchStoryboardName = LaunchScreen;
				INFOPLIST_KEY_UIMainStoryboardFile = Main;
				INFOPLIST_KEY_UISupportedInterfaceOrientations_iPad = "UIInterfaceOrientationPortrait UIInterfaceOrientationPortraitUpsideDown UIInterfaceOrientationLandscapeLeft UIInterfaceOrientationLandscapeRight";
				INFOPLIST_KEY_UISupportedInterfaceOrientations_iPhone = "UIInterfaceOrientationPortrait UIInterfaceOrientationLandscapeLeft UIInterfaceOrientationLandscapeRight";
				LD_RUNPATH_SEARCH_PATHS = (
					"$(inherited)",
					"@executable_path/Frameworks",
				);
				MARKETING_VERSION = 1.0;
				PRODUCT_BUNDLE_IDENTIFIER = com.ShoutaNakano.BaseBallNotesApp;
				PRODUCT_NAME = "$(TARGET_NAME)";
				SWIFT_EMIT_LOC_STRINGS = YES;
				SWIFT_VERSION = 5.0;
				TARGETED_DEVICE_FAMILY = "1,2";
			};
			name = Release;
		};
/* End XCBuildConfiguration section */

/* Begin XCConfigurationList section */
		9562531827D59AAF00E7243E /* Build configuration list for PBXProject "BaseBallNotesApp" */ = {
			isa = XCConfigurationList;
			buildConfigurations = (
				9562532F27D59AB000E7243E /* Debug */,
				9562533027D59AB000E7243E /* Release */,
			);
			defaultConfigurationIsVisible = 0;
			defaultConfigurationName = Release;
		};
		9562533127D59AB000E7243E /* Build configuration list for PBXNativeTarget "BaseBallNotesApp" */ = {
			isa = XCConfigurationList;
			buildConfigurations = (
				9562533227D59AB000E7243E /* Debug */,
				9562533327D59AB000E7243E /* Release */,
			);
			defaultConfigurationIsVisible = 0;
			defaultConfigurationName = Release;
		};
/* End XCConfigurationList section */
	};
	rootObject = 9562531527D59AAF00E7243E /* Project object */;
}
